// !$*UTF8*$!
{
	archiveVersion = 1;
	classes = {
	};
	objectVersion = 46;
	objects = {

/* Begin PBXBuildFile section */
		234A96CD1EDE852500A841C6 /* CocoaAPI.swift in Sources */ = {isa = PBXBuildFile; fileRef = 234A96CC1EDE852500A841C6 /* CocoaAPI.swift */; };
		234A96CF1EDE852500A841C6 /* Assets.xcassets in Resources */ = {isa = PBXBuildFile; fileRef = 234A96CE1EDE852500A841C6 /* Assets.xcassets */; };
		234A96DB1EDE872E00A841C6 /* AVFoundation.framework in Frameworks */ = {isa = PBXBuildFile; fileRef = 234A96DA1EDE872E00A841C6 /* AVFoundation.framework */; };
		234A96DE1EDE87E800A841C6 /* Human.swift in Sources */ = {isa = PBXBuildFile; fileRef = 234A96DD1EDE87E800A841C6 /* Human.swift */; };
		234A96E01EDE880F00A841C6 /* Text.swift in Sources */ = {isa = PBXBuildFile; fileRef = 234A96DF1EDE880F00A841C6 /* Text.swift */; };
		234A96E21EDE883600A841C6 /* Scene.swift in Sources */ = {isa = PBXBuildFile; fileRef = 234A96E11EDE883600A841C6 /* Scene.swift */; };
		234A96E41EDE886100A841C6 /* Renderer.swift in Sources */ = {isa = PBXBuildFile; fileRef = 234A96E31EDE886100A841C6 /* Renderer.swift */; };
		234A96E61EDE888700A841C6 /* Timeline.swift in Sources */ = {isa = PBXBuildFile; fileRef = 234A96E51EDE888700A841C6 /* Timeline.swift */; };
		234A96E81EDE88B200A841C6 /* Canvas.swift in Sources */ = {isa = PBXBuildFile; fileRef = 234A96E71EDE88B200A841C6 /* Canvas.swift */; };
		234A96EA1EDE88D900A841C6 /* Cut.swift in Sources */ = {isa = PBXBuildFile; fileRef = 234A96E91EDE88D900A841C6 /* Cut.swift */; };
		234A96EC1EDE890900A841C6 /* Cell.swift in Sources */ = {isa = PBXBuildFile; fileRef = 234A96EB1EDE890900A841C6 /* Cell.swift */; };
		234A96EE1EDE892C00A841C6 /* Line.swift in Sources */ = {isa = PBXBuildFile; fileRef = 234A96ED1EDE892C00A841C6 /* Line.swift */; };
		234A96F01EDE894F00A841C6 /* Color.swift in Sources */ = {isa = PBXBuildFile; fileRef = 234A96EF1EDE894F00A841C6 /* Color.swift */; };
		234A96F21EDE897400A841C6 /* Easing.swift in Sources */ = {isa = PBXBuildFile; fileRef = 234A96F11EDE897400A841C6 /* Easing.swift */; };
		234A96F41EDE899200A841C6 /* Responder.swift in Sources */ = {isa = PBXBuildFile; fileRef = 234A96F31EDE899200A841C6 /* Responder.swift */; };
		235E86BB1F8140B8009AC966 /* Action.swift in Sources */ = {isa = PBXBuildFile; fileRef = 235E86BA1F8140B8009AC966 /* Action.swift */; };
		235E86BD1F83D9D7009AC966 /* Animation.swift in Sources */ = {isa = PBXBuildFile; fileRef = 235E86BC1F83D9D7009AC966 /* Animation.swift */; };
		23607F741F81293300A671B0 /* Material.swift in Sources */ = {isa = PBXBuildFile; fileRef = 23607F731F81293300A671B0 /* Material.swift */; };
		23619ADB1F89378D00C3E1FF /* DataModel.swift in Sources */ = {isa = PBXBuildFile; fileRef = 23619ADA1F89378D00C3E1FF /* DataModel.swift */; };
		23B731B01FA6BEE400CD9D4C /* Node.swift in Sources */ = {isa = PBXBuildFile; fileRef = 23B731AF1FA6BEE400CD9D4C /* Node.swift */; };
		23C0F2FA1FA22AA400A6F4A2 /* Math.swift in Sources */ = {isa = PBXBuildFile; fileRef = 23C0F2F91FA22AA400A6F4A2 /* Math.swift */; };
		23DC482A1F89AA8100793F64 /* Main.storyboard in Resources */ = {isa = PBXBuildFile; fileRef = 23DC482C1F89AA8100793F64 /* Main.storyboard */; };
		23DC48301F8B4ED100793F64 /* BasicHI.swift in Sources */ = {isa = PBXBuildFile; fileRef = 23DC482F1F8B4ED100793F64 /* BasicHI.swift */; };
/* End PBXBuildFile section */

/* Begin PBXFileReference section */
		234A96C51EDE852500A841C6 /* C0.app */ = {isa = PBXFileReference; explicitFileType = wrapper.application; includeInIndex = 0; path = C0.app; sourceTree = BUILT_PRODUCTS_DIR; };
		234A96CC1EDE852500A841C6 /* CocoaAPI.swift */ = {isa = PBXFileReference; lastKnownFileType = sourcecode.swift; path = CocoaAPI.swift; sourceTree = "<group>"; };
		234A96CE1EDE852500A841C6 /* Assets.xcassets */ = {isa = PBXFileReference; lastKnownFileType = folder.assetcatalog; path = Assets.xcassets; sourceTree = "<group>"; };
		234A96D31EDE852500A841C6 /* Info.plist */ = {isa = PBXFileReference; lastKnownFileType = text.plist.xml; path = Info.plist; sourceTree = "<group>"; };
		234A96DA1EDE872E00A841C6 /* AVFoundation.framework */ = {isa = PBXFileReference; lastKnownFileType = wrapper.framework; name = AVFoundation.framework; path = System/Library/Frameworks/AVFoundation.framework; sourceTree = SDKROOT; };
		234A96DC1EDE876700A841C6 /* C0.entitlements */ = {isa = PBXFileReference; lastKnownFileType = text.plist.entitlements; path = C0.entitlements; sourceTree = "<group>"; };
		234A96DD1EDE87E800A841C6 /* Human.swift */ = {isa = PBXFileReference; fileEncoding = 4; lastKnownFileType = sourcecode.swift; path = Human.swift; sourceTree = "<group>"; };
		234A96DF1EDE880F00A841C6 /* Text.swift */ = {isa = PBXFileReference; fileEncoding = 4; lastKnownFileType = sourcecode.swift; path = Text.swift; sourceTree = "<group>"; };
		234A96E11EDE883600A841C6 /* Scene.swift */ = {isa = PBXFileReference; fileEncoding = 4; lastKnownFileType = sourcecode.swift; path = Scene.swift; sourceTree = "<group>"; };
		234A96E31EDE886100A841C6 /* Renderer.swift */ = {isa = PBXFileReference; fileEncoding = 4; lastKnownFileType = sourcecode.swift; path = Renderer.swift; sourceTree = "<group>"; };
		234A96E51EDE888700A841C6 /* Timeline.swift */ = {isa = PBXFileReference; fileEncoding = 4; lastKnownFileType = sourcecode.swift; path = Timeline.swift; sourceTree = "<group>"; };
		234A96E71EDE88B200A841C6 /* Canvas.swift */ = {isa = PBXFileReference; fileEncoding = 4; lastKnownFileType = sourcecode.swift; path = Canvas.swift; sourceTree = "<group>"; };
		234A96E91EDE88D900A841C6 /* Cut.swift */ = {isa = PBXFileReference; fileEncoding = 4; lastKnownFileType = sourcecode.swift; path = Cut.swift; sourceTree = "<group>"; };
		234A96EB1EDE890900A841C6 /* Cell.swift */ = {isa = PBXFileReference; fileEncoding = 4; lastKnownFileType = sourcecode.swift; path = Cell.swift; sourceTree = "<group>"; };
		234A96ED1EDE892C00A841C6 /* Line.swift */ = {isa = PBXFileReference; fileEncoding = 4; lastKnownFileType = sourcecode.swift; path = Line.swift; sourceTree = "<group>"; };
		234A96EF1EDE894F00A841C6 /* Color.swift */ = {isa = PBXFileReference; fileEncoding = 4; lastKnownFileType = sourcecode.swift; path = Color.swift; sourceTree = "<group>"; };
		234A96F11EDE897400A841C6 /* Easing.swift */ = {isa = PBXFileReference; fileEncoding = 4; lastKnownFileType = sourcecode.swift; path = Easing.swift; sourceTree = "<group>"; };
		234A96F31EDE899200A841C6 /* Responder.swift */ = {isa = PBXFileReference; fileEncoding = 4; lastKnownFileType = sourcecode.swift; path = Responder.swift; sourceTree = "<group>"; };
		235E86BA1F8140B8009AC966 /* Action.swift */ = {isa = PBXFileReference; fileEncoding = 4; lastKnownFileType = sourcecode.swift; path = Action.swift; sourceTree = "<group>"; };
		235E86BC1F83D9D7009AC966 /* Animation.swift */ = {isa = PBXFileReference; fileEncoding = 4; lastKnownFileType = sourcecode.swift; path = Animation.swift; sourceTree = "<group>"; };
		23607F731F81293300A671B0 /* Material.swift */ = {isa = PBXFileReference; fileEncoding = 4; lastKnownFileType = sourcecode.swift; path = Material.swift; sourceTree = "<group>"; };
		23619ADA1F89378D00C3E1FF /* DataModel.swift */ = {isa = PBXFileReference; fileEncoding = 4; lastKnownFileType = sourcecode.swift; path = DataModel.swift; sourceTree = "<group>"; };
		23AA277C1F5D77DD002F0838 /* Readme.md */ = {isa = PBXFileReference; fileEncoding = 4; lastKnownFileType = net.daringfireball.markdown; path = Readme.md; sourceTree = "<group>"; };
		23AA27821F5D7841002F0838 /* License.md */ = {isa = PBXFileReference; fileEncoding = 4; lastKnownFileType = net.daringfireball.markdown; path = License.md; sourceTree = "<group>"; };
		23B731AF1FA6BEE400CD9D4C /* Node.swift */ = {isa = PBXFileReference; fileEncoding = 4; lastKnownFileType = sourcecode.swift; path = Node.swift; sourceTree = "<group>"; };
		23C0F2F91FA22AA400A6F4A2 /* Math.swift */ = {isa = PBXFileReference; fileEncoding = 4; lastKnownFileType = sourcecode.swift; path = Math.swift; sourceTree = "<group>"; };
		23DC482B1F89AA8100793F64 /* Base */ = {isa = PBXFileReference; lastKnownFileType = file.storyboard; name = Base; path = Base.lproj/Main.storyboard; sourceTree = "<group>"; };
		23DC482E1F89AA9B00793F64 /* ja */ = {isa = PBXFileReference; lastKnownFileType = text.plist.strings; name = ja; path = ja.lproj/Main.strings; sourceTree = "<group>"; };
		23DC482F1F8B4ED100793F64 /* BasicHI.swift */ = {isa = PBXFileReference; fileEncoding = 4; lastKnownFileType = sourcecode.swift; path = BasicHI.swift; sourceTree = "<group>"; };
/* End PBXFileReference section */

/* Begin PBXFrameworksBuildPhase section */
		234A96C21EDE852500A841C6 /* Frameworks */ = {
			isa = PBXFrameworksBuildPhase;
			buildActionMask = 2147483647;
			files = (
				234A96DB1EDE872E00A841C6 /* AVFoundation.framework in Frameworks */,
			);
			runOnlyForDeploymentPostprocessing = 0;
		};
/* End PBXFrameworksBuildPhase section */

/* Begin PBXGroup section */
		234A96BC1EDE852500A841C6 = {
			isa = PBXGroup;
			children = (
				23AA277C1F5D77DD002F0838 /* Readme.md */,
				23AA27821F5D7841002F0838 /* License.md */,
				234A96C71EDE852500A841C6 /* C0 */,
				234A96C61EDE852500A841C6 /* Products */,
				234A96D91EDE872E00A841C6 /* Frameworks */,
			);
			sourceTree = "<group>";
		};
		234A96C61EDE852500A841C6 /* Products */ = {
			isa = PBXGroup;
			children = (
				234A96C51EDE852500A841C6 /* C0.app */,
			);
			name = Products;
			sourceTree = "<group>";
		};
		234A96C71EDE852500A841C6 /* C0 */ = {
			isa = PBXGroup;
			children = (
				234A96F31EDE899200A841C6 /* Responder.swift */,
				234A96DD1EDE87E800A841C6 /* Human.swift */,
				235E86BA1F8140B8009AC966 /* Action.swift */,
				234A96E11EDE883600A841C6 /* Scene.swift */,
				234A96E31EDE886100A841C6 /* Renderer.swift */,
				234A96E51EDE888700A841C6 /* Timeline.swift */,
				234A96E71EDE88B200A841C6 /* Canvas.swift */,
				234A96E91EDE88D900A841C6 /* Cut.swift */,
				23B731AF1FA6BEE400CD9D4C /* Node.swift */,
				235E86BC1F83D9D7009AC966 /* Animation.swift */,
				234A96EB1EDE890900A841C6 /* Cell.swift */,
				234A96ED1EDE892C00A841C6 /* Line.swift */,
				234A96F11EDE897400A841C6 /* Easing.swift */,
				23607F731F81293300A671B0 /* Material.swift */,
				234A96EF1EDE894F00A841C6 /* Color.swift */,
				234A96DF1EDE880F00A841C6 /* Text.swift */,
				23DC482F1F8B4ED100793F64 /* BasicHI.swift */,
				23619ADA1F89378D00C3E1FF /* DataModel.swift */,
				23C0F2F91FA22AA400A6F4A2 /* Math.swift */,
				234A96CC1EDE852500A841C6 /* CocoaAPI.swift */,
				234A96D31EDE852500A841C6 /* Info.plist */,
				234A96CE1EDE852500A841C6 /* Assets.xcassets */,
				23DC482C1F89AA8100793F64 /* Main.storyboard */,
				234A96DC1EDE876700A841C6 /* C0.entitlements */,
			);
			path = C0;
			sourceTree = "<group>";
		};
		234A96D91EDE872E00A841C6 /* Frameworks */ = {
			isa = PBXGroup;
			children = (
				234A96DA1EDE872E00A841C6 /* AVFoundation.framework */,
			);
			name = Frameworks;
			sourceTree = "<group>";
		};
/* End PBXGroup section */

/* Begin PBXNativeTarget section */
		234A96C41EDE852500A841C6 /* C0 */ = {
			isa = PBXNativeTarget;
			buildConfigurationList = 234A96D61EDE852500A841C6 /* Build configuration list for PBXNativeTarget "C0" */;
			buildPhases = (
				234A96C11EDE852500A841C6 /* Sources */,
				234A96C21EDE852500A841C6 /* Frameworks */,
				234A96C31EDE852500A841C6 /* Resources */,
			);
			buildRules = (
			);
			dependencies = (
			);
			name = C0;
			productName = C0;
			productReference = 234A96C51EDE852500A841C6 /* C0.app */;
			productType = "com.apple.product-type.application";
		};
/* End PBXNativeTarget section */

/* Begin PBXProject section */
		234A96BD1EDE852500A841C6 /* Project object */ = {
			isa = PBXProject;
			attributes = {
				LastSwiftUpdateCheck = 0820;
				LastUpgradeCheck = 0820;
				ORGANIZATIONNAME = cii;
				TargetAttributes = {
					234A96C41EDE852500A841C6 = {
						CreatedOnToolsVersion = 8.2.1;
						ProvisioningStyle = Automatic;
						SystemCapabilities = {
							com.apple.Sandbox = {
								enabled = 1;
							};
						};
					};
				};
			};
			buildConfigurationList = 234A96C01EDE852500A841C6 /* Build configuration list for PBXProject "C0" */;
			compatibilityVersion = "Xcode 3.2";
			developmentRegion = English;
			hasScannedForEncodings = 0;
			knownRegions = (
				en,
				Base,
				ja,
			);
			mainGroup = 234A96BC1EDE852500A841C6;
			productRefGroup = 234A96C61EDE852500A841C6 /* Products */;
			projectDirPath = "";
			projectRoot = "";
			targets = (
				234A96C41EDE852500A841C6 /* C0 */,
			);
		};
/* End PBXProject section */

/* Begin PBXResourcesBuildPhase section */
		234A96C31EDE852500A841C6 /* Resources */ = {
			isa = PBXResourcesBuildPhase;
			buildActionMask = 2147483647;
			files = (
				234A96CF1EDE852500A841C6 /* Assets.xcassets in Resources */,
				23DC482A1F89AA8100793F64 /* Main.storyboard in Resources */,
			);
			runOnlyForDeploymentPostprocessing = 0;
		};
/* End PBXResourcesBuildPhase section */

/* Begin PBXSourcesBuildPhase section */
		234A96C11EDE852500A841C6 /* Sources */ = {
			isa = PBXSourcesBuildPhase;
			buildActionMask = 2147483647;
			files = (
				234A96EA1EDE88D900A841C6 /* Cut.swift in Sources */,
				235E86BD1F83D9D7009AC966 /* Animation.swift in Sources */,
				234A96E01EDE880F00A841C6 /* Text.swift in Sources */,
				234A96F01EDE894F00A841C6 /* Color.swift in Sources */,
				234A96E81EDE88B200A841C6 /* Canvas.swift in Sources */,
				234A96F41EDE899200A841C6 /* Responder.swift in Sources */,
				235E86BB1F8140B8009AC966 /* Action.swift in Sources */,
				234A96E61EDE888700A841C6 /* Timeline.swift in Sources */,
				234A96F21EDE897400A841C6 /* Easing.swift in Sources */,
				234A96CD1EDE852500A841C6 /* CocoaAPI.swift in Sources */,
				234A96EC1EDE890900A841C6 /* Cell.swift in Sources */,
				23B731B01FA6BEE400CD9D4C /* Node.swift in Sources */,
				234A96DE1EDE87E800A841C6 /* Human.swift in Sources */,
				23607F741F81293300A671B0 /* Material.swift in Sources */,
				234A96E41EDE886100A841C6 /* Renderer.swift in Sources */,
				23619ADB1F89378D00C3E1FF /* DataModel.swift in Sources */,
				23DC48301F8B4ED100793F64 /* BasicHI.swift in Sources */,
				23C0F2FA1FA22AA400A6F4A2 /* Math.swift in Sources */,
				234A96E21EDE883600A841C6 /* Scene.swift in Sources */,
				234A96EE1EDE892C00A841C6 /* Line.swift in Sources */,
			);
			runOnlyForDeploymentPostprocessing = 0;
		};
/* End PBXSourcesBuildPhase section */

/* Begin PBXVariantGroup section */
		23DC482C1F89AA8100793F64 /* Main.storyboard */ = {
			isa = PBXVariantGroup;
			children = (
				23DC482B1F89AA8100793F64 /* Base */,
				23DC482E1F89AA9B00793F64 /* ja */,
			);
			name = Main.storyboard;
			sourceTree = "<group>";
		};
/* End PBXVariantGroup section */

/* Begin XCBuildConfiguration section */
		234A96D41EDE852500A841C6 /* Debug */ = {
			isa = XCBuildConfiguration;
			buildSettings = {
				ALWAYS_SEARCH_USER_PATHS = NO;
				CLANG_ANALYZER_LOCALIZABILITY_NONLOCALIZED = YES;
				CLANG_ANALYZER_NONNULL = YES;
				CLANG_CXX_LANGUAGE_STANDARD = "gnu++0x";
				CLANG_CXX_LIBRARY = "libc++";
				CLANG_ENABLE_MODULES = YES;
				CLANG_ENABLE_OBJC_ARC = YES;
				CLANG_WARN_BOOL_CONVERSION = YES;
				CLANG_WARN_CONSTANT_CONVERSION = YES;
				CLANG_WARN_DIRECT_OBJC_ISA_USAGE = YES_ERROR;
				CLANG_WARN_DOCUMENTATION_COMMENTS = YES;
				CLANG_WARN_EMPTY_BODY = YES;
				CLANG_WARN_ENUM_CONVERSION = YES;
				CLANG_WARN_INFINITE_RECURSION = YES;
				CLANG_WARN_INT_CONVERSION = YES;
				CLANG_WARN_OBJC_ROOT_CLASS = YES_ERROR;
				CLANG_WARN_SUSPICIOUS_MOVE = YES;
				CLANG_WARN_UNREACHABLE_CODE = YES;
				CLANG_WARN__DUPLICATE_METHOD_MATCH = YES;
				CODE_SIGN_IDENTITY = "-";
				COPY_PHASE_STRIP = NO;
				DEBUG_INFORMATION_FORMAT = dwarf;
				ENABLE_STRICT_OBJC_MSGSEND = YES;
				ENABLE_TESTABILITY = YES;
				GCC_C_LANGUAGE_STANDARD = gnu99;
				GCC_DYNAMIC_NO_PIC = NO;
				GCC_NO_COMMON_BLOCKS = YES;
				GCC_OPTIMIZATION_LEVEL = 0;
				GCC_PREPROCESSOR_DEFINITIONS = (
					"DEBUG=1",
					"$(inherited)",
				);
				GCC_WARN_64_TO_32_BIT_CONVERSION = YES;
				GCC_WARN_ABOUT_RETURN_TYPE = YES_ERROR;
				GCC_WARN_UNDECLARED_SELECTOR = YES;
				GCC_WARN_UNINITIALIZED_AUTOS = YES_AGGRESSIVE;
				GCC_WARN_UNUSED_FUNCTION = YES;
				GCC_WARN_UNUSED_VARIABLE = YES;
				MACOSX_DEPLOYMENT_TARGET = 10.11.2;
				MTL_ENABLE_DEBUG_INFO = YES;
				ONLY_ACTIVE_ARCH = YES;
				SDKROOT = macosx;
				SWIFT_ACTIVE_COMPILATION_CONDITIONS = DEBUG;
				SWIFT_OPTIMIZATION_LEVEL = "-Onone";
			};
			name = Debug;
		};
		234A96D51EDE852500A841C6 /* Release */ = {
			isa = XCBuildConfiguration;
			buildSettings = {
				ALWAYS_SEARCH_USER_PATHS = NO;
				CLANG_ANALYZER_LOCALIZABILITY_NONLOCALIZED = YES;
				CLANG_ANALYZER_NONNULL = YES;
				CLANG_CXX_LANGUAGE_STANDARD = "gnu++0x";
				CLANG_CXX_LIBRARY = "libc++";
				CLANG_ENABLE_MODULES = YES;
				CLANG_ENABLE_OBJC_ARC = YES;
				CLANG_WARN_BOOL_CONVERSION = YES;
				CLANG_WARN_CONSTANT_CONVERSION = YES;
				CLANG_WARN_DIRECT_OBJC_ISA_USAGE = YES_ERROR;
				CLANG_WARN_DOCUMENTATION_COMMENTS = YES;
				CLANG_WARN_EMPTY_BODY = YES;
				CLANG_WARN_ENUM_CONVERSION = YES;
				CLANG_WARN_INFINITE_RECURSION = YES;
				CLANG_WARN_INT_CONVERSION = YES;
				CLANG_WARN_OBJC_ROOT_CLASS = YES_ERROR;
				CLANG_WARN_SUSPICIOUS_MOVE = YES;
				CLANG_WARN_UNREACHABLE_CODE = YES;
				CLANG_WARN__DUPLICATE_METHOD_MATCH = YES;
				CODE_SIGN_IDENTITY = "-";
				COPY_PHASE_STRIP = NO;
				DEBUG_INFORMATION_FORMAT = "dwarf-with-dsym";
				ENABLE_NS_ASSERTIONS = NO;
				ENABLE_STRICT_OBJC_MSGSEND = YES;
				GCC_C_LANGUAGE_STANDARD = gnu99;
				GCC_NO_COMMON_BLOCKS = YES;
				GCC_WARN_64_TO_32_BIT_CONVERSION = YES;
				GCC_WARN_ABOUT_RETURN_TYPE = YES_ERROR;
				GCC_WARN_UNDECLARED_SELECTOR = YES;
				GCC_WARN_UNINITIALIZED_AUTOS = YES_AGGRESSIVE;
				GCC_WARN_UNUSED_FUNCTION = YES;
				GCC_WARN_UNUSED_VARIABLE = YES;
				MACOSX_DEPLOYMENT_TARGET = 10.11.2;
				MTL_ENABLE_DEBUG_INFO = NO;
				SDKROOT = macosx;
				SWIFT_OPTIMIZATION_LEVEL = "-Owholemodule";
			};
			name = Release;
		};
		234A96D71EDE852500A841C6 /* Debug */ = {
			isa = XCBuildConfiguration;
			buildSettings = {
				ASSETCATALOG_COMPILER_APPICON_NAME = AppIcon;
				CODE_SIGN_ENTITLEMENTS = C0/C0.entitlements;
				COMBINE_HIDPI_IMAGES = YES;
				INFOPLIST_FILE = C0/Info.plist;
				LD_RUNPATH_SEARCH_PATHS = "$(inherited) @executable_path/../Frameworks";
				PRODUCT_BUNDLE_IDENTIFIER = smdls.C0;
				PRODUCT_NAME = "$(TARGET_NAME)";
				SWIFT_OPTIMIZATION_LEVEL = "-Onone";
				SWIFT_VERSION = 3.0;
			};
			name = Debug;
		};
		234A96D81EDE852500A841C6 /* Release */ = {
			isa = XCBuildConfiguration;
			buildSettings = {
				ASSETCATALOG_COMPILER_APPICON_NAME = AppIcon;
				CODE_SIGN_ENTITLEMENTS = C0/C0.entitlements;
				COMBINE_HIDPI_IMAGES = YES;
				INFOPLIST_FILE = C0/Info.plist;
				LD_RUNPATH_SEARCH_PATHS = "$(inherited) @executable_path/../Frameworks";
				PRODUCT_BUNDLE_IDENTIFIER = smdls.C0;
				PRODUCT_NAME = "$(TARGET_NAME)";
				SWIFT_VERSION = 3.0;
			};
			name = Release;
		};
/* End XCBuildConfiguration section */

/* Begin XCConfigurationList section */
		234A96C01EDE852500A841C6 /* Build configuration list for PBXProject "C0" */ = {
			isa = XCConfigurationList;
			buildConfigurations = (
				234A96D41EDE852500A841C6 /* Debug */,
				234A96D51EDE852500A841C6 /* Release */,
			);
			defaultConfigurationIsVisible = 0;
			defaultConfigurationName = Release;
		};
		234A96D61EDE852500A841C6 /* Build configuration list for PBXNativeTarget "C0" */ = {
			isa = XCConfigurationList;
			buildConfigurations = (
				234A96D71EDE852500A841C6 /* Debug */,
				234A96D81EDE852500A841C6 /* Release */,
			);
			defaultConfigurationIsVisible = 0;
			defaultConfigurationName = Release;
		};
/* End XCConfigurationList section */
	};
	rootObject = 234A96BD1EDE852500A841C6 /* Project object */;
}
